
Microsoft Visual Studio Solution File, Format Version 11.00
# Visual Studio 2010
Project("{FAE04EC0-301F-11D3-BF4B-00C04F79EFBC}") = "ProcurementBalilihan", "ProcurementBalilihan\ProcurementBalilihan.csproj", "{F089B929-D6D4-4D9E-8971-268BBD9872E4}"
EndProject
Global
	GlobalSection(SolutionConfigurationPlatforms) = preSolution
		Debug|Any CPU = Debug|Any CPU
		Release|Any CPU = Release|Any CPU
	EndGlobalSection
	GlobalSection(ProjectConfigurationPlatforms) = postSolution
		{F089B929-D6D4-4D9E-8971-268BBD9872E4}.Debug|Any CPU.ActiveCfg = Debug|Any CPU
		{F089B929-D6D4-4D9E-8971-268BBD9872E4}.Debug|Any CPU.Build.0 = Debug|Any CPU
		{F089B929-D6D4-4D9E-8971-268BBD9872E4}.Release|Any CPU.ActiveCfg = Release|Any CPU
		{F089B929-D6D4-4D9E-8971-268BBD9872E4}.Release|Any CPU.Build.0 = Release|Any CPU
	EndGlobalSection
	GlobalSection(SolutionProperties) = preSolution
		HideSolutionNode = FALSE
	EndGlobalSection
EndGlobal
